// !$*UTF8*$!
{
	archiveVersion = 1;
	classes = {
	};
	objectVersion = 56;
	objects = {

/* Begin PBXBuildFile section */
		4C155B1C2CDDA12F00030885 /* AppDelegate.swift in Sources */ = {isa = PBXBuildFile; fileRef = 4C155B1B2CDDA12F00030885 /* AppDelegate.swift */; };
		4C155B202CDDA12F00030885 /* InitViewController.swift in Sources */ = {isa = PBXBuildFile; fileRef = 4C155B1F2CDDA12F00030885 /* InitViewController.swift */; };
		4C155B252CDDA13100030885 /* Assets.xcassets in Resources */ = {isa = PBXBuildFile; fileRef = 4C155B242CDDA13100030885 /* Assets.xcassets */; };
		4C155B282CDDA13100030885 /* Base in Resources */ = {isa = PBXBuildFile; fileRef = 4C155B272CDDA13100030885 /* Base */; };
		4C155B302CDDA38A00030885 /* Server.swift in Sources */ = {isa = PBXBuildFile; fileRef = 4C155B2F2CDDA38A00030885 /* Server.swift */; };
		4C155B352CDDA6F000030885 /* InitViewPresenter.swift in Sources */ = {isa = PBXBuildFile; fileRef = 4C155B342CDDA6F000030885 /* InitViewPresenter.swift */; };
		4C155B372CDDA71800030885 /* InitViewInteractor.swift in Sources */ = {isa = PBXBuildFile; fileRef = 4C155B362CDDA71800030885 /* InitViewInteractor.swift */; };
		4C155B392CDDA75800030885 /* InitViewRouter.swift in Sources */ = {isa = PBXBuildFile; fileRef = 4C155B382CDDA75800030885 /* InitViewRouter.swift */; };
		4C155B3B2CDDA7A200030885 /* InitViewEntity.swift in Sources */ = {isa = PBXBuildFile; fileRef = 4C155B3A2CDDA7A200030885 /* InitViewEntity.swift */; };
		4C155B3D2CDDCC9F00030885 /* InitViewFacade.swift in Sources */ = {isa = PBXBuildFile; fileRef = 4C155B3C2CDDCC9F00030885 /* InitViewFacade.swift */; };
		4C155B402CDDD10F00030885 /* Strings.swift in Sources */ = {isa = PBXBuildFile; fileRef = 4C155B3F2CDDD10F00030885 /* Strings.swift */; };
		4C155B422CDDD29E00030885 /* Loader.swift in Sources */ = {isa = PBXBuildFile; fileRef = 4C155B412CDDD29D00030885 /* Loader.swift */; };
		4C155B442CDDD4B500030885 /* MovieCell.swift in Sources */ = {isa = PBXBuildFile; fileRef = 4C155B432CDDD4B500030885 /* MovieCell.swift */; };
		4C155B462CDDD52C00030885 /* InitViewController+Table.swift in Sources */ = {isa = PBXBuildFile; fileRef = 4C155B452CDDD52C00030885 /* InitViewController+Table.swift */; };
		4C155B492CDE477C00030885 /* DetailViewController.swift in Sources */ = {isa = PBXBuildFile; fileRef = 4C155B482CDE477C00030885 /* DetailViewController.swift */; };
		4C155B4B2CDE479000030885 /* DetailViewRouter.swift in Sources */ = {isa = PBXBuildFile; fileRef = 4C155B4A2CDE479000030885 /* DetailViewRouter.swift */; };
		4C155B4D2CDE47A000030885 /* DetailViewPresenter.swift in Sources */ = {isa = PBXBuildFile; fileRef = 4C155B4C2CDE47A000030885 /* DetailViewPresenter.swift */; };
		4C155B4F2CDE47AF00030885 /* DetailViewInteractor.swift in Sources */ = {isa = PBXBuildFile; fileRef = 4C155B4E2CDE47AF00030885 /* DetailViewInteractor.swift */; };
		4C155B512CDE4D5A00030885 /* DetailViewFacade.swift in Sources */ = {isa = PBXBuildFile; fileRef = 4C155B502CDE4D5A00030885 /* DetailViewFacade.swift */; };
		4C155B532CDEAE4100030885 /* ImageHelper.swift in Sources */ = {isa = PBXBuildFile; fileRef = 4C155B522CDEAE4100030885 /* ImageHelper.swift */; };
		4C155B5E2CDEFDEF00030885 /* GeistMono-Medium.ttf in Resources */ = {isa = PBXBuildFile; fileRef = 4C155B552CDEFDEE00030885 /* GeistMono-Medium.ttf */; };
		4C155B5F2CDEFDEF00030885 /* GeistMono-ExtraBold.ttf in Resources */ = {isa = PBXBuildFile; fileRef = 4C155B562CDEFDEF00030885 /* GeistMono-ExtraBold.ttf */; };
		4C155B602CDEFDEF00030885 /* GeistMono-SemiBold.ttf in Resources */ = {isa = PBXBuildFile; fileRef = 4C155B572CDEFDEF00030885 /* GeistMono-SemiBold.ttf */; };
		4C155B612CDEFDEF00030885 /* GeistMono-Thin.ttf in Resources */ = {isa = PBXBuildFile; fileRef = 4C155B582CDEFDEF00030885 /* GeistMono-Thin.ttf */; };
		4C155B622CDEFDEF00030885 /* GeistMono-Bold.ttf in Resources */ = {isa = PBXBuildFile; fileRef = 4C155B592CDEFDEF00030885 /* GeistMono-Bold.ttf */; };
		4C155B632CDEFDEF00030885 /* GeistMono-Light.ttf in Resources */ = {isa = PBXBuildFile; fileRef = 4C155B5A2CDEFDEF00030885 /* GeistMono-Light.ttf */; };
		4C155B642CDEFDEF00030885 /* GeistMono-ExtraLight.ttf in Resources */ = {isa = PBXBuildFile; fileRef = 4C155B5B2CDEFDEF00030885 /* GeistMono-ExtraLight.ttf */; };
		4C155B652CDEFDEF00030885 /* GeistMono-Black.ttf in Resources */ = {isa = PBXBuildFile; fileRef = 4C155B5C2CDEFDEF00030885 /* GeistMono-Black.ttf */; };
		4C155B662CDEFDEF00030885 /* GeistMono-Regular.ttf in Resources */ = {isa = PBXBuildFile; fileRef = 4C155B5D2CDEFDEF00030885 /* GeistMono-Regular.ttf */; };
		4C155B682CDF051900030885 /* Constants.swift in Sources */ = {isa = PBXBuildFile; fileRef = 4C155B672CDF051900030885 /* Constants.swift */; };
		4C155B6A2CDF9B2700030885 /* CustomAlertView.swift in Sources */ = {isa = PBXBuildFile; fileRef = 4C155B692CDF9B2700030885 /* CustomAlertView.swift */; };
		4C155B6C2CE0F12400030885 /* AlertHelper.swift in Sources */ = {isa = PBXBuildFile; fileRef = 4C155B6B2CE0F12400030885 /* AlertHelper.swift */; };
		4C155B6E2CE1B1B600030885 /* ServerConstants.swift in Sources */ = {isa = PBXBuildFile; fileRef = 4C155B6D2CE1B1B600030885 /* ServerConstants.swift */; };
/* End PBXBuildFile section */

/* Begin PBXFileReference section */
		4C155B182CDDA12E00030885 /* AppTestMovies.app */ = {isa = PBXFileReference; explicitFileType = wrapper.application; includeInIndex = 0; path = AppTestMovies.app; sourceTree = BUILT_PRODUCTS_DIR; };
		4C155B1B2CDDA12F00030885 /* AppDelegate.swift */ = {isa = PBXFileReference; lastKnownFileType = sourcecode.swift; path = AppDelegate.swift; sourceTree = "<group>"; };
		4C155B1F2CDDA12F00030885 /* InitViewController.swift */ = {isa = PBXFileReference; lastKnownFileType = sourcecode.swift; path = InitViewController.swift; sourceTree = "<group>"; };
		4C155B242CDDA13100030885 /* Assets.xcassets */ = {isa = PBXFileReference; lastKnownFileType = folder.assetcatalog; path = Assets.xcassets; sourceTree = "<group>"; };
		4C155B272CDDA13100030885 /* Base */ = {isa = PBXFileReference; lastKnownFileType = file.storyboard; name = Base; path = Base.lproj/LaunchScreen.storyboard; sourceTree = "<group>"; };
		4C155B292CDDA13100030885 /* Info.plist */ = {isa = PBXFileReference; lastKnownFileType = text.plist.xml; path = Info.plist; sourceTree = "<group>"; };
		4C155B2F2CDDA38A00030885 /* Server.swift */ = {isa = PBXFileReference; lastKnownFileType = sourcecode.swift; path = Server.swift; sourceTree = "<group>"; };
		4C155B342CDDA6F000030885 /* InitViewPresenter.swift */ = {isa = PBXFileReference; lastKnownFileType = sourcecode.swift; path = InitViewPresenter.swift; sourceTree = "<group>"; };
		4C155B362CDDA71800030885 /* InitViewInteractor.swift */ = {isa = PBXFileReference; lastKnownFileType = sourcecode.swift; path = InitViewInteractor.swift; sourceTree = "<group>"; };
		4C155B382CDDA75800030885 /* InitViewRouter.swift */ = {isa = PBXFileReference; lastKnownFileType = sourcecode.swift; path = InitViewRouter.swift; sourceTree = "<group>"; };
		4C155B3A2CDDA7A200030885 /* InitViewEntity.swift */ = {isa = PBXFileReference; lastKnownFileType = sourcecode.swift; path = InitViewEntity.swift; sourceTree = "<group>"; };
		4C155B3C2CDDCC9F00030885 /* InitViewFacade.swift */ = {isa = PBXFileReference; lastKnownFileType = sourcecode.swift; path = InitViewFacade.swift; sourceTree = "<group>"; };
		4C155B3F2CDDD10F00030885 /* Strings.swift */ = {isa = PBXFileReference; lastKnownFileType = sourcecode.swift; path = Strings.swift; sourceTree = "<group>"; };
		4C155B412CDDD29D00030885 /* Loader.swift */ = {isa = PBXFileReference; lastKnownFileType = sourcecode.swift; path = Loader.swift; sourceTree = "<group>"; };
		4C155B432CDDD4B500030885 /* MovieCell.swift */ = {isa = PBXFileReference; lastKnownFileType = sourcecode.swift; path = MovieCell.swift; sourceTree = "<group>"; };
		4C155B452CDDD52C00030885 /* InitViewController+Table.swift */ = {isa = PBXFileReference; lastKnownFileType = sourcecode.swift; path = "InitViewController+Table.swift"; sourceTree = "<group>"; };
		4C155B482CDE477C00030885 /* DetailViewController.swift */ = {isa = PBXFileReference; lastKnownFileType = sourcecode.swift; path = DetailViewController.swift; sourceTree = "<group>"; };
		4C155B4A2CDE479000030885 /* DetailViewRouter.swift */ = {isa = PBXFileReference; lastKnownFileType = sourcecode.swift; path = DetailViewRouter.swift; sourceTree = "<group>"; };
		4C155B4C2CDE47A000030885 /* DetailViewPresenter.swift */ = {isa = PBXFileReference; lastKnownFileType = sourcecode.swift; path = DetailViewPresenter.swift; sourceTree = "<group>"; };
		4C155B4E2CDE47AF00030885 /* DetailViewInteractor.swift */ = {isa = PBXFileReference; lastKnownFileType = sourcecode.swift; path = DetailViewInteractor.swift; sourceTree = "<group>"; };
		4C155B502CDE4D5A00030885 /* DetailViewFacade.swift */ = {isa = PBXFileReference; lastKnownFileType = sourcecode.swift; path = DetailViewFacade.swift; sourceTree = "<group>"; };
		4C155B522CDEAE4100030885 /* ImageHelper.swift */ = {isa = PBXFileReference; lastKnownFileType = sourcecode.swift; path = ImageHelper.swift; sourceTree = "<group>"; };
		4C155B552CDEFDEE00030885 /* GeistMono-Medium.ttf */ = {isa = PBXFileReference; lastKnownFileType = file; path = "GeistMono-Medium.ttf"; sourceTree = "<group>"; };
		4C155B562CDEFDEF00030885 /* GeistMono-ExtraBold.ttf */ = {isa = PBXFileReference; lastKnownFileType = file; path = "GeistMono-ExtraBold.ttf"; sourceTree = "<group>"; };
		4C155B572CDEFDEF00030885 /* GeistMono-SemiBold.ttf */ = {isa = PBXFileReference; lastKnownFileType = file; path = "GeistMono-SemiBold.ttf"; sourceTree = "<group>"; };
		4C155B582CDEFDEF00030885 /* GeistMono-Thin.ttf */ = {isa = PBXFileReference; lastKnownFileType = file; path = "GeistMono-Thin.ttf"; sourceTree = "<group>"; };
		4C155B592CDEFDEF00030885 /* GeistMono-Bold.ttf */ = {isa = PBXFileReference; lastKnownFileType = file; path = "GeistMono-Bold.ttf"; sourceTree = "<group>"; };
		4C155B5A2CDEFDEF00030885 /* GeistMono-Light.ttf */ = {isa = PBXFileReference; lastKnownFileType = file; path = "GeistMono-Light.ttf"; sourceTree = "<group>"; };
		4C155B5B2CDEFDEF00030885 /* GeistMono-ExtraLight.ttf */ = {isa = PBXFileReference; lastKnownFileType = file; path = "GeistMono-ExtraLight.ttf"; sourceTree = "<group>"; };
		4C155B5C2CDEFDEF00030885 /* GeistMono-Black.ttf */ = {isa = PBXFileReference; lastKnownFileType = file; path = "GeistMono-Black.ttf"; sourceTree = "<group>"; };
		4C155B5D2CDEFDEF00030885 /* GeistMono-Regular.ttf */ = {isa = PBXFileReference; lastKnownFileType = file; path = "GeistMono-Regular.ttf"; sourceTree = "<group>"; };
		4C155B672CDF051900030885 /* Constants.swift */ = {isa = PBXFileReference; lastKnownFileType = sourcecode.swift; path = Constants.swift; sourceTree = "<group>"; };
		4C155B692CDF9B2700030885 /* CustomAlertView.swift */ = {isa = PBXFileReference; lastKnownFileType = sourcecode.swift; path = CustomAlertView.swift; sourceTree = "<group>"; };
		4C155B6B2CE0F12400030885 /* AlertHelper.swift */ = {isa = PBXFileReference; lastKnownFileType = sourcecode.swift; path = AlertHelper.swift; sourceTree = "<group>"; };
		4C155B6D2CE1B1B600030885 /* ServerConstants.swift */ = {isa = PBXFileReference; lastKnownFileType = sourcecode.swift; path = ServerConstants.swift; sourceTree = "<group>"; };
/* End PBXFileReference section */

/* Begin PBXFrameworksBuildPhase section */
		4C155B152CDDA12E00030885 /* Frameworks */ = {
			isa = PBXFrameworksBuildPhase;
			buildActionMask = 2147483647;
			files = (
			);
			runOnlyForDeploymentPostprocessing = 0;
		};
/* End PBXFrameworksBuildPhase section */

/* Begin PBXGroup section */
		4C155B0F2CDDA12E00030885 = {
			isa = PBXGroup;
			children = (
				4C155B1A2CDDA12E00030885 /* AppTestMovies */,
				4C155B192CDDA12E00030885 /* Products */,
			);
			sourceTree = "<group>";
		};
		4C155B192CDDA12E00030885 /* Products */ = {
			isa = PBXGroup;
			children = (
				4C155B182CDDA12E00030885 /* AppTestMovies.app */,
			);
			name = Products;
			sourceTree = "<group>";
		};
		4C155B1A2CDDA12E00030885 /* AppTestMovies */ = {
			isa = PBXGroup;
			children = (
				4C155B542CDEFDC600030885 /* Fonts */,
				4C155B472CDE475600030885 /* DetailView */,
				4C155B3E2CDDD0EA00030885 /* Commons */,
				4C155B332CDDA5AC00030885 /* Server */,
				4C155B322CDDA59F00030885 /* InitView */,
				4C155B312CDDA59100030885 /* Delegate */,
				4C155B242CDDA13100030885 /* Assets.xcassets */,
				4C155B262CDDA13100030885 /* LaunchScreen.storyboard */,
				4C155B292CDDA13100030885 /* Info.plist */,
			);
			path = AppTestMovies;
			sourceTree = "<group>";
		};
		4C155B312CDDA59100030885 /* Delegate */ = {
			isa = PBXGroup;
			children = (
				4C155B1B2CDDA12F00030885 /* AppDelegate.swift */,
			);
			path = Delegate;
			sourceTree = "<group>";
		};
		4C155B322CDDA59F00030885 /* InitView */ = {
			isa = PBXGroup;
			children = (
				4C155B1F2CDDA12F00030885 /* InitViewController.swift */,
				4C155B342CDDA6F000030885 /* InitViewPresenter.swift */,
				4C155B362CDDA71800030885 /* InitViewInteractor.swift */,
				4C155B382CDDA75800030885 /* InitViewRouter.swift */,
				4C155B3A2CDDA7A200030885 /* InitViewEntity.swift */,
				4C155B3C2CDDCC9F00030885 /* InitViewFacade.swift */,
				4C155B432CDDD4B500030885 /* MovieCell.swift */,
				4C155B452CDDD52C00030885 /* InitViewController+Table.swift */,
			);
			path = InitView;
			sourceTree = "<group>";
		};
		4C155B332CDDA5AC00030885 /* Server */ = {
			isa = PBXGroup;
			children = (
				4C155B2F2CDDA38A00030885 /* Server.swift */,
				4C155B6D2CE1B1B600030885 /* ServerConstants.swift */,
			);
			path = Server;
			sourceTree = "<group>";
		};
		4C155B3E2CDDD0EA00030885 /* Commons */ = {
			isa = PBXGroup;
			children = (
				4C155B3F2CDDD10F00030885 /* Strings.swift */,
				4C155B412CDDD29D00030885 /* Loader.swift */,
				4C155B522CDEAE4100030885 /* ImageHelper.swift */,
				4C155B672CDF051900030885 /* Constants.swift */,
				4C155B692CDF9B2700030885 /* CustomAlertView.swift */,
				4C155B6B2CE0F12400030885 /* AlertHelper.swift */,
			);
			path = Commons;
			sourceTree = "<group>";
		};
		4C155B472CDE475600030885 /* DetailView */ = {
			isa = PBXGroup;
			children = (
				4C155B482CDE477C00030885 /* DetailViewController.swift */,
				4C155B4A2CDE479000030885 /* DetailViewRouter.swift */,
				4C155B4C2CDE47A000030885 /* DetailViewPresenter.swift */,
				4C155B4E2CDE47AF00030885 /* DetailViewInteractor.swift */,
				4C155B502CDE4D5A00030885 /* DetailViewFacade.swift */,
			);
			path = DetailView;
			sourceTree = "<group>";
		};
		4C155B542CDEFDC600030885 /* Fonts */ = {
			isa = PBXGroup;
			children = (
				4C155B5C2CDEFDEF00030885 /* GeistMono-Black.ttf */,
				4C155B592CDEFDEF00030885 /* GeistMono-Bold.ttf */,
				4C155B562CDEFDEF00030885 /* GeistMono-ExtraBold.ttf */,
				4C155B5B2CDEFDEF00030885 /* GeistMono-ExtraLight.ttf */,
				4C155B5A2CDEFDEF00030885 /* GeistMono-Light.ttf */,
				4C155B552CDEFDEE00030885 /* GeistMono-Medium.ttf */,
				4C155B5D2CDEFDEF00030885 /* GeistMono-Regular.ttf */,
				4C155B572CDEFDEF00030885 /* GeistMono-SemiBold.ttf */,
				4C155B582CDEFDEF00030885 /* GeistMono-Thin.ttf */,
			);
			path = Fonts;
			sourceTree = "<group>";
		};
/* End PBXGroup section */

/* Begin PBXNativeTarget section */
		4C155B172CDDA12E00030885 /* AppTestMovies */ = {
			isa = PBXNativeTarget;
			buildConfigurationList = 4C155B2C2CDDA13100030885 /* Build configuration list for PBXNativeTarget "AppTestMovies" */;
			buildPhases = (
				4C155B142CDDA12E00030885 /* Sources */,
				4C155B152CDDA12E00030885 /* Frameworks */,
				4C155B162CDDA12E00030885 /* Resources */,
			);
			buildRules = (
			);
			dependencies = (
			);
			name = AppTestMovies;
			productName = AppTestMovies;
			productReference = 4C155B182CDDA12E00030885 /* AppTestMovies.app */;
			productType = "com.apple.product-type.application";
		};
/* End PBXNativeTarget section */

/* Begin PBXProject section */
		4C155B102CDDA12E00030885 /* Project object */ = {
			isa = PBXProject;
			attributes = {
				BuildIndependentTargetsInParallel = 1;
				LastSwiftUpdateCheck = 1540;
				LastUpgradeCheck = 1540;
				TargetAttributes = {
					4C155B172CDDA12E00030885 = {
						CreatedOnToolsVersion = 15.4;
					};
				};
			};
			buildConfigurationList = 4C155B132CDDA12E00030885 /* Build configuration list for PBXProject "AppTestMovies" */;
			compatibilityVersion = "Xcode 14.0";
			developmentRegion = en;
			hasScannedForEncodings = 0;
			knownRegions = (
				en,
				Base,
			);
			mainGroup = 4C155B0F2CDDA12E00030885;
			productRefGroup = 4C155B192CDDA12E00030885 /* Products */;
			projectDirPath = "";
			projectRoot = "";
			targets = (
				4C155B172CDDA12E00030885 /* AppTestMovies */,
			);
		};
/* End PBXProject section */

/* Begin PBXResourcesBuildPhase section */
		4C155B162CDDA12E00030885 /* Resources */ = {
			isa = PBXResourcesBuildPhase;
			buildActionMask = 2147483647;
			files = (
				4C155B5E2CDEFDEF00030885 /* GeistMono-Medium.ttf in Resources */,
				4C155B632CDEFDEF00030885 /* GeistMono-Light.ttf in Resources */,
				4C155B642CDEFDEF00030885 /* GeistMono-ExtraLight.ttf in Resources */,
				4C155B662CDEFDEF00030885 /* GeistMono-Regular.ttf in Resources */,
				4C155B622CDEFDEF00030885 /* GeistMono-Bold.ttf in Resources */,
				4C155B252CDDA13100030885 /* Assets.xcassets in Resources */,
				4C155B602CDEFDEF00030885 /* GeistMono-SemiBold.ttf in Resources */,
				4C155B612CDEFDEF00030885 /* GeistMono-Thin.ttf in Resources */,
				4C155B5F2CDEFDEF00030885 /* GeistMono-ExtraBold.ttf in Resources */,
				4C155B652CDEFDEF00030885 /* GeistMono-Black.ttf in Resources */,
				4C155B282CDDA13100030885 /* Base in Resources */,
			);
			runOnlyForDeploymentPostprocessing = 0;
		};
/* End PBXResourcesBuildPhase section */

/* Begin PBXSourcesBuildPhase section */
		4C155B142CDDA12E00030885 /* Sources */ = {
			isa = PBXSourcesBuildPhase;
			buildActionMask = 2147483647;
			files = (
				4C155B492CDE477C00030885 /* DetailViewController.swift in Sources */,
				4C155B682CDF051900030885 /* Constants.swift in Sources */,
				4C155B6E2CE1B1B600030885 /* ServerConstants.swift in Sources */,
				4C155B202CDDA12F00030885 /* InitViewController.swift in Sources */,
				4C155B402CDDD10F00030885 /* Strings.swift in Sources */,
				4C155B372CDDA71800030885 /* InitViewInteractor.swift in Sources */,
				4C155B4D2CDE47A000030885 /* DetailViewPresenter.swift in Sources */,
				4C155B442CDDD4B500030885 /* MovieCell.swift in Sources */,
				4C155B3D2CDDCC9F00030885 /* InitViewFacade.swift in Sources */,
				4C155B422CDDD29E00030885 /* Loader.swift in Sources */,
				4C155B352CDDA6F000030885 /* InitViewPresenter.swift in Sources */,
				4C155B6A2CDF9B2700030885 /* CustomAlertView.swift in Sources */,
				4C155B512CDE4D5A00030885 /* DetailViewFacade.swift in Sources */,
				4C155B4B2CDE479000030885 /* DetailViewRouter.swift in Sources */,
				4C155B532CDEAE4100030885 /* ImageHelper.swift in Sources */,
				4C155B462CDDD52C00030885 /* InitViewController+Table.swift in Sources */,
				4C155B3B2CDDA7A200030885 /* InitViewEntity.swift in Sources */,
				4C155B302CDDA38A00030885 /* Server.swift in Sources */,
				4C155B1C2CDDA12F00030885 /* AppDelegate.swift in Sources */,
				4C155B6C2CE0F12400030885 /* AlertHelper.swift in Sources */,
				4C155B4F2CDE47AF00030885 /* DetailViewInteractor.swift in Sources */,
				4C155B392CDDA75800030885 /* InitViewRouter.swift in Sources */,
			);
			runOnlyForDeploymentPostprocessing = 0;
		};
/* End PBXSourcesBuildPhase section */

/* Begin PBXVariantGroup section */
		4C155B262CDDA13100030885 /* LaunchScreen.storyboard */ = {
			isa = PBXVariantGroup;
			children = (
				4C155B272CDDA13100030885 /* Base */,
			);
			name = LaunchScreen.storyboard;
			sourceTree = "<group>";
		};
/* End PBXVariantGroup section */

/* Begin XCBuildConfiguration section */
		4C155B2A2CDDA13100030885 /* Debug */ = {
			isa = XCBuildConfiguration;
			buildSettings = {
				ALWAYS_SEARCH_USER_PATHS = NO;
				ASSETCATALOG_COMPILER_GENERATE_SWIFT_ASSET_SYMBOL_EXTENSIONS = YES;
				CLANG_ANALYZER_NONNULL = YES;
				CLANG_ANALYZER_NUMBER_OBJECT_CONVERSION = YES_AGGRESSIVE;
				CLANG_CXX_LANGUAGE_STANDARD = "gnu++20";
				CLANG_ENABLE_MODULES = YES;
				CLANG_ENABLE_OBJC_ARC = YES;
				CLANG_ENABLE_OBJC_WEAK = YES;
				CLANG_WARN_BLOCK_CAPTURE_AUTORELEASING = YES;
				CLANG_WARN_BOOL_CONVERSION = YES;
				CLANG_WARN_COMMA = YES;
				CLANG_WARN_CONSTANT_CONVERSION = YES;
				CLANG_WARN_DEPRECATED_OBJC_IMPLEMENTATIONS = YES;
				CLANG_WARN_DIRECT_OBJC_ISA_USAGE = YES_ERROR;
				CLANG_WARN_DOCUMENTATION_COMMENTS = YES;
				CLANG_WARN_EMPTY_BODY = YES;
				CLANG_WARN_ENUM_CONVERSION = YES;
				CLANG_WARN_INFINITE_RECURSION = YES;
				CLANG_WARN_INT_CONVERSION = YES;
				CLANG_WARN_NON_LITERAL_NULL_CONVERSION = YES;
				CLANG_WARN_OBJC_IMPLICIT_RETAIN_SELF = YES;
				CLANG_WARN_OBJC_LITERAL_CONVERSION = YES;
				CLANG_WARN_OBJC_ROOT_CLASS = YES_ERROR;
				CLANG_WARN_QUOTED_INCLUDE_IN_FRAMEWORK_HEADER = YES;
				CLANG_WARN_RANGE_LOOP_ANALYSIS = YES;
				CLANG_WARN_STRICT_PROTOTYPES = YES;
				CLANG_WARN_SUSPICIOUS_MOVE = YES;
				CLANG_WARN_UNGUARDED_AVAILABILITY = YES_AGGRESSIVE;
				CLANG_WARN_UNREACHABLE_CODE = YES;
				CLANG_WARN__DUPLICATE_METHOD_MATCH = YES;
				COPY_PHASE_STRIP = NO;
				DEBUG_INFORMATION_FORMAT = dwarf;
				ENABLE_STRICT_OBJC_MSGSEND = YES;
				ENABLE_TESTABILITY = YES;
				ENABLE_USER_SCRIPT_SANDBOXING = YES;
				GCC_C_LANGUAGE_STANDARD = gnu17;
				GCC_DYNAMIC_NO_PIC = NO;
				GCC_NO_COMMON_BLOCKS = YES;
				GCC_OPTIMIZATION_LEVEL = 0;
				GCC_PREPROCESSOR_DEFINITIONS = (
					"DEBUG=1",
					"$(inherited)",
				);
				GCC_WARN_64_TO_32_BIT_CONVERSION = YES;
				GCC_WARN_ABOUT_RETURN_TYPE = YES_ERROR;
				GCC_WARN_UNDECLARED_SELECTOR = YES;
				GCC_WARN_UNINITIALIZED_AUTOS = YES_AGGRESSIVE;
				GCC_WARN_UNUSED_FUNCTION = YES;
				GCC_WARN_UNUSED_VARIABLE = YES;
				IPHONEOS_DEPLOYMENT_TARGET = 17.5;
				LOCALIZATION_PREFERS_STRING_CATALOGS = YES;
				MTL_ENABLE_DEBUG_INFO = INCLUDE_SOURCE;
				MTL_FAST_MATH = YES;
				ONLY_ACTIVE_ARCH = YES;
				SDKROOT = iphoneos;
				SWIFT_ACTIVE_COMPILATION_CONDITIONS = "DEBUG $(inherited)";
				SWIFT_OPTIMIZATION_LEVEL = "-Onone";
			};
			name = Debug;
		};
		4C155B2B2CDDA13100030885 /* Release */ = {
			isa = XCBuildConfiguration;
			buildSettings = {
				ALWAYS_SEARCH_USER_PATHS = NO;
				ASSETCATALOG_COMPILER_GENERATE_SWIFT_ASSET_SYMBOL_EXTENSIONS = YES;
				CLANG_ANALYZER_NONNULL = YES;
				CLANG_ANALYZER_NUMBER_OBJECT_CONVERSION = YES_AGGRESSIVE;
				CLANG_CXX_LANGUAGE_STANDARD = "gnu++20";
				CLANG_ENABLE_MODULES = YES;
				CLANG_ENABLE_OBJC_ARC = YES;
				CLANG_ENABLE_OBJC_WEAK = YES;
				CLANG_WARN_BLOCK_CAPTURE_AUTORELEASING = YES;
				CLANG_WARN_BOOL_CONVERSION = YES;
				CLANG_WARN_COMMA = YES;
				CLANG_WARN_CONSTANT_CONVERSION = YES;
				CLANG_WARN_DEPRECATED_OBJC_IMPLEMENTATIONS = YES;
				CLANG_WARN_DIRECT_OBJC_ISA_USAGE = YES_ERROR;
				CLANG_WARN_DOCUMENTATION_COMMENTS = YES;
				CLANG_WARN_EMPTY_BODY = YES;
				CLANG_WARN_ENUM_CONVERSION = YES;
				CLANG_WARN_INFINITE_RECURSION = YES;
				CLANG_WARN_INT_CONVERSION = YES;
				CLANG_WARN_NON_LITERAL_NULL_CONVERSION = YES;
				CLANG_WARN_OBJC_IMPLICIT_RETAIN_SELF = YES;
				CLANG_WARN_OBJC_LITERAL_CONVERSION = YES;
				CLANG_WARN_OBJC_ROOT_CLASS = YES_ERROR;
				CLANG_WARN_QUOTED_INCLUDE_IN_FRAMEWORK_HEADER = YES;
				CLANG_WARN_RANGE_LOOP_ANALYSIS = YES;
				CLANG_WARN_STRICT_PROTOTYPES = YES;
				CLANG_WARN_SUSPICIOUS_MOVE = YES;
				CLANG_WARN_UNGUARDED_AVAILABILITY = YES_AGGRESSIVE;
				CLANG_WARN_UNREACHABLE_CODE = YES;
				CLANG_WARN__DUPLICATE_METHOD_MATCH = YES;
				COPY_PHASE_STRIP = NO;
				DEBUG_INFORMATION_FORMAT = "dwarf-with-dsym";
				ENABLE_NS_ASSERTIONS = NO;
				ENABLE_STRICT_OBJC_MSGSEND = YES;
				ENABLE_USER_SCRIPT_SANDBOXING = YES;
				GCC_C_LANGUAGE_STANDARD = gnu17;
				GCC_NO_COMMON_BLOCKS = YES;
				GCC_WARN_64_TO_32_BIT_CONVERSION = YES;
				GCC_WARN_ABOUT_RETURN_TYPE = YES_ERROR;
				GCC_WARN_UNDECLARED_SELECTOR = YES;
				GCC_WARN_UNINITIALIZED_AUTOS = YES_AGGRESSIVE;
				GCC_WARN_UNUSED_FUNCTION = YES;
				GCC_WARN_UNUSED_VARIABLE = YES;
				IPHONEOS_DEPLOYMENT_TARGET = 17.5;
				LOCALIZATION_PREFERS_STRING_CATALOGS = YES;
				MTL_ENABLE_DEBUG_INFO = NO;
				MTL_FAST_MATH = YES;
				SDKROOT = iphoneos;
				SWIFT_COMPILATION_MODE = wholemodule;
				VALIDATE_PRODUCT = YES;
			};
			name = Release;
		};
		4C155B2D2CDDA13100030885 /* Debug */ = {
			isa = XCBuildConfiguration;
			buildSettings = {
				ASSETCATALOG_COMPILER_APPICON_NAME = AppIcon;
				ASSETCATALOG_COMPILER_GLOBAL_ACCENT_COLOR_NAME = AccentColor;
				CODE_SIGN_STYLE = Automatic;
				CURRENT_PROJECT_VERSION = 1;
				DEVELOPMENT_TEAM = QP3XV7X59W;
				GENERATE_INFOPLIST_FILE = YES;
				INFOPLIST_FILE = AppTestMovies/Info.plist;
				INFOPLIST_KEY_UIApplicationSupportsIndirectInputEvents = YES;
				INFOPLIST_KEY_UILaunchStoryboardName = LaunchScreen;
				INFOPLIST_KEY_UISupportedInterfaceOrientations_iPad = "UIInterfaceOrientationPortrait UIInterfaceOrientationPortraitUpsideDown UIInterfaceOrientationLandscapeLeft UIInterfaceOrientationLandscapeRight";
				INFOPLIST_KEY_UISupportedInterfaceOrientations_iPhone = "UIInterfaceOrientationPortrait UIInterfaceOrientationLandscapeLeft UIInterfaceOrientationLandscapeRight";
				IPHONEOS_DEPLOYMENT_TARGET = 15.0;
				LD_RUNPATH_SEARCH_PATHS = (
					"$(inherited)",
					"@executable_path/Frameworks",
				);
				MARKETING_VERSION = 1.0;
				PRODUCT_BUNDLE_IDENTIFIER = com.zia.AppTestMovies;
				PRODUCT_NAME = "$(TARGET_NAME)";
				SUPPORTED_PLATFORMS = "iphoneos iphonesimulator";
				SUPPORTS_MACCATALYST = NO;
				SWIFT_EMIT_LOC_STRINGS = YES;
				SWIFT_VERSION = 5.0;
				TARGETED_DEVICE_FAMILY = 1;
			};
			name = Debug;
		};
		4C155B2E2CDDA13100030885 /* Release */ = {
			isa = XCBuildConfiguration;
			buildSettings = {
				ASSETCATALOG_COMPILER_APPICON_NAME = AppIcon;
				ASSETCATALOG_COMPILER_GLOBAL_ACCENT_COLOR_NAME = AccentColor;
				CODE_SIGN_STYLE = Automatic;
				CURRENT_PROJECT_VERSION = 1;
				DEVELOPMENT_TEAM = QP3XV7X59W;
				GENERATE_INFOPLIST_FILE = YES;
				INFOPLIST_FILE = AppTestMovies/Info.plist;
				INFOPLIST_KEY_UIApplicationSupportsIndirectInputEvents = YES;
				INFOPLIST_KEY_UILaunchStoryboardName = LaunchScreen;
				INFOPLIST_KEY_UISupportedInterfaceOrientations_iPad = "UIInterfaceOrientationPortrait UIInterfaceOrientationPortraitUpsideDown UIInterfaceOrientationLandscapeLeft UIInterfaceOrientationLandscapeRight";
				INFOPLIST_KEY_UISupportedInterfaceOrientations_iPhone = "UIInterfaceOrientationPortrait UIInterfaceOrientationLandscapeLeft UIInterfaceOrientationLandscapeRight";
				IPHONEOS_DEPLOYMENT_TARGET = 15.0;
				LD_RUNPATH_SEARCH_PATHS = (
					"$(inherited)",
					"@executable_path/Frameworks",
				);
				MARKETING_VERSION = 1.0;
				PRODUCT_BUNDLE_IDENTIFIER = com.zia.AppTestMovies;
				PRODUCT_NAME = "$(TARGET_NAME)";
				SUPPORTED_PLATFORMS = "iphoneos iphonesimulator";
				SUPPORTS_MACCATALYST = NO;
				SWIFT_EMIT_LOC_STRINGS = YES;
				SWIFT_VERSION = 5.0;
				TARGETED_DEVICE_FAMILY = 1;
			};
			name = Release;
		};
/* End XCBuildConfiguration section */

/* Begin XCConfigurationList section */
		4C155B132CDDA12E00030885 /* Build configuration list for PBXProject "AppTestMovies" */ = {
			isa = XCConfigurationList;
			buildConfigurations = (
				4C155B2A2CDDA13100030885 /* Debug */,
				4C155B2B2CDDA13100030885 /* Release */,
			);
			defaultConfigurationIsVisible = 0;
			defaultConfigurationName = Release;
		};
		4C155B2C2CDDA13100030885 /* Build configuration list for PBXNativeTarget "AppTestMovies" */ = {
			isa = XCConfigurationList;
			buildConfigurations = (
				4C155B2D2CDDA13100030885 /* Debug */,
				4C155B2E2CDDA13100030885 /* Release */,
			);
			defaultConfigurationIsVisible = 0;
			defaultConfigurationName = Release;
		};
/* End XCConfigurationList section */
	};
	rootObject = 4C155B102CDDA12E00030885 /* Project object */;
}
